
Microsoft Visual Studio Solution File, Format Version 12.00
# Visual Studio 2012
Project("{D954291E-2A0B-460D-934E-DC6B0785DB48}") = "Calculator", "Calculator\Calculator.shproj", "{BEF6DE49-3C2C-45AC-86B4-D1DA33109526}"
EndProject
Project("{FAE04EC0-301F-11D3-BF4B-00C04F79EFBC}") = "Calculator.iOS", "iOS\Calculator.iOS.csproj", "{44E8320C-C2E3-47DF-A39F-0E09AD0F9A51}"
EndProject
Project("{FAE04EC0-301F-11D3-BF4B-00C04F79EFBC}") = "Calculator.Droid", "Droid\Calculator.Droid.csproj", "{A92D6BDF-A93C-4AEF-B180-63A720306C3C}"
EndProject
Global
	GlobalSection(SolutionConfigurationPlatforms) = preSolution
		Debug|iPhoneSimulator = Debug|iPhoneSimulator
		Release|iPhone = Release|iPhone
		Release|iPhoneSimulator = Release|iPhoneSimulator
		Debug|iPhone = Debug|iPhone
		Debug|Any CPU = Debug|Any CPU
		Release|Any CPU = Release|Any CPU
	EndGlobalSection
	GlobalSection(ProjectConfigurationPlatforms) = postSolution
		{44E8320C-C2E3-47DF-A39F-0E09AD0F9A51}.Debug|iPhoneSimulator.ActiveCfg = Debug|iPhoneSimulator
		{44E8320C-C2E3-47DF-A39F-0E09AD0F9A51}.Debug|iPhoneSimulator.Build.0 = Debug|iPhoneSimulator
		{44E8320C-C2E3-47DF-A39F-0E09AD0F9A51}.Release|iPhone.ActiveCfg = Release|iPhone
		{44E8320C-C2E3-47DF-A39F-0E09AD0F9A51}.Release|iPhone.Build.0 = Release|iPhone
		{44E8320C-C2E3-47DF-A39F-0E09AD0F9A51}.Release|iPhoneSimulator.ActiveCfg = Release|iPhoneSimulator
		{44E8320C-C2E3-47DF-A39F-0E09AD0F9A51}.Release|iPhoneSimulator.Build.0 = Release|iPhoneSimulator
		{44E8320C-C2E3-47DF-A39F-0E09AD0F9A51}.Debug|iPhone.ActiveCfg = Debug|iPhone
		{44E8320C-C2E3-47DF-A39F-0E09AD0F9A51}.Debug|iPhone.Build.0 = Debug|iPhone
		{44E8320C-C2E3-47DF-A39F-0E09AD0F9A51}.Debug|Any CPU.ActiveCfg = Debug|iPhoneSimulator
		{44E8320C-C2E3-47DF-A39F-0E09AD0F9A51}.Debug|Any CPU.Build.0 = Debug|iPhoneSimulator
		{44E8320C-C2E3-47DF-A39F-0E09AD0F9A51}.Release|Any CPU.ActiveCfg = Release|iPhone
		{44E8320C-C2E3-47DF-A39F-0E09AD0F9A51}.Release|Any CPU.Build.0 = Release|iPhone
		{A92D6BDF-A93C-4AEF-B180-63A720306C3C}.Debug|iPhoneSimulator.ActiveCfg = Debug|Any CPU
		{A92D6BDF-A93C-4AEF-B180-63A720306C3C}.Debug|iPhoneSimulator.Build.0 = Debug|Any CPU
		{A92D6BDF-A93C-4AEF-B180-63A720306C3C}.Release|iPhone.ActiveCfg = Release|Any CPU
		{A92D6BDF-A93C-4AEF-B180-63A720306C3C}.Release|iPhone.Build.0 = Release|Any CPU
		{A92D6BDF-A93C-4AEF-B180-63A720306C3C}.Release|iPhoneSimulator.ActiveCfg = Release|Any CPU
		{A92D6BDF-A93C-4AEF-B180-63A720306C3C}.Release|iPhoneSimulator.Build.0 = Release|Any CPU
		{A92D6BDF-A93C-4AEF-B180-63A720306C3C}.Debug|iPhone.ActiveCfg = Debug|Any CPU
		{A92D6BDF-A93C-4AEF-B180-63A720306C3C}.Debug|iPhone.Build.0 = Debug|Any CPU
		{A92D6BDF-A93C-4AEF-B180-63A720306C3C}.Debug|Any CPU.ActiveCfg = Debug|Any CPU
		{A92D6BDF-A93C-4AEF-B180-63A720306C3C}.Debug|Any CPU.Build.0 = Debug|Any CPU
		{A92D6BDF-A93C-4AEF-B180-63A720306C3C}.Release|Any CPU.ActiveCfg = Release|Any CPU
		{A92D6BDF-A93C-4AEF-B180-63A720306C3C}.Release|Any CPU.Build.0 = Release|Any CPU
	EndGlobalSection
EndGlobal
