
Microsoft Visual Studio Solution File, Format Version 12.00
# Visual Studio 2012
Project("{FAE04EC0-301F-11D3-BF4B-00C04F79EFBC}") = "Calculatrice", "Calculatrice\Calculatrice.csproj", "{5CE060EC-3DD8-437C-8CF2-DCD6DB45E1D8}"
EndProject
Project("{FAE04EC0-301F-11D3-BF4B-00C04F79EFBC}") = "Calculatrice.iOS", "iOS\Calculatrice.iOS.csproj", "{04ACA43C-0EF3-4948-BBA9-784F42BA3E2B}"
EndProject
Project("{FAE04EC0-301F-11D3-BF4B-00C04F79EFBC}") = "Calculatrice.Droid", "Droid\Calculatrice.Droid.csproj", "{99DE1A9E-5FDD-4E01-85D9-87010D6889A4}"
EndProject
Global
	GlobalSection(SolutionConfigurationPlatforms) = preSolution
		Debug|Any CPU = Debug|Any CPU
		Release|Any CPU = Release|Any CPU
		Debug|iPhoneSimulator = Debug|iPhoneSimulator
		Release|iPhone = Release|iPhone
		Release|iPhoneSimulator = Release|iPhoneSimulator
		Debug|iPhone = Debug|iPhone
	EndGlobalSection
	GlobalSection(ProjectConfigurationPlatforms) = postSolution
		{5CE060EC-3DD8-437C-8CF2-DCD6DB45E1D8}.Debug|Any CPU.ActiveCfg = Debug|Any CPU
		{5CE060EC-3DD8-437C-8CF2-DCD6DB45E1D8}.Debug|Any CPU.Build.0 = Debug|Any CPU
		{5CE060EC-3DD8-437C-8CF2-DCD6DB45E1D8}.Release|Any CPU.ActiveCfg = Release|Any CPU
		{5CE060EC-3DD8-437C-8CF2-DCD6DB45E1D8}.Release|Any CPU.Build.0 = Release|Any CPU
		{5CE060EC-3DD8-437C-8CF2-DCD6DB45E1D8}.Debug|iPhoneSimulator.ActiveCfg = Debug|Any CPU
		{5CE060EC-3DD8-437C-8CF2-DCD6DB45E1D8}.Debug|iPhoneSimulator.Build.0 = Debug|Any CPU
		{5CE060EC-3DD8-437C-8CF2-DCD6DB45E1D8}.Release|iPhone.ActiveCfg = Release|Any CPU
		{5CE060EC-3DD8-437C-8CF2-DCD6DB45E1D8}.Release|iPhone.Build.0 = Release|Any CPU
		{5CE060EC-3DD8-437C-8CF2-DCD6DB45E1D8}.Release|iPhoneSimulator.ActiveCfg = Release|Any CPU
		{5CE060EC-3DD8-437C-8CF2-DCD6DB45E1D8}.Release|iPhoneSimulator.Build.0 = Release|Any CPU
		{5CE060EC-3DD8-437C-8CF2-DCD6DB45E1D8}.Debug|iPhone.ActiveCfg = Debug|Any CPU
		{5CE060EC-3DD8-437C-8CF2-DCD6DB45E1D8}.Debug|iPhone.Build.0 = Debug|Any CPU
		{04ACA43C-0EF3-4948-BBA9-784F42BA3E2B}.Debug|Any CPU.ActiveCfg = Debug|iPhoneSimulator
		{04ACA43C-0EF3-4948-BBA9-784F42BA3E2B}.Debug|Any CPU.Build.0 = Debug|iPhoneSimulator
		{04ACA43C-0EF3-4948-BBA9-784F42BA3E2B}.Release|Any CPU.ActiveCfg = Release|iPhone
		{04ACA43C-0EF3-4948-BBA9-784F42BA3E2B}.Release|Any CPU.Build.0 = Release|iPhone
		{04ACA43C-0EF3-4948-BBA9-784F42BA3E2B}.Debug|iPhoneSimulator.ActiveCfg = Debug|iPhoneSimulator
		{04ACA43C-0EF3-4948-BBA9-784F42BA3E2B}.Debug|iPhoneSimulator.Build.0 = Debug|iPhoneSimulator
		{04ACA43C-0EF3-4948-BBA9-784F42BA3E2B}.Release|iPhone.ActiveCfg = Release|iPhone
		{04ACA43C-0EF3-4948-BBA9-784F42BA3E2B}.Release|iPhone.Build.0 = Release|iPhone
		{04ACA43C-0EF3-4948-BBA9-784F42BA3E2B}.Release|iPhoneSimulator.ActiveCfg = Release|iPhoneSimulator
		{04ACA43C-0EF3-4948-BBA9-784F42BA3E2B}.Release|iPhoneSimulator.Build.0 = Release|iPhoneSimulator
		{04ACA43C-0EF3-4948-BBA9-784F42BA3E2B}.Debug|iPhone.ActiveCfg = Debug|iPhone
		{04ACA43C-0EF3-4948-BBA9-784F42BA3E2B}.Debug|iPhone.Build.0 = Debug|iPhone
		{99DE1A9E-5FDD-4E01-85D9-87010D6889A4}.Debug|Any CPU.ActiveCfg = Debug|Any CPU
		{99DE1A9E-5FDD-4E01-85D9-87010D6889A4}.Debug|Any CPU.Build.0 = Debug|Any CPU
		{99DE1A9E-5FDD-4E01-85D9-87010D6889A4}.Release|Any CPU.ActiveCfg = Release|Any CPU
		{99DE1A9E-5FDD-4E01-85D9-87010D6889A4}.Release|Any CPU.Build.0 = Release|Any CPU
		{99DE1A9E-5FDD-4E01-85D9-87010D6889A4}.Debug|iPhoneSimulator.ActiveCfg = Debug|Any CPU
		{99DE1A9E-5FDD-4E01-85D9-87010D6889A4}.Debug|iPhoneSimulator.Build.0 = Debug|Any CPU
		{99DE1A9E-5FDD-4E01-85D9-87010D6889A4}.Release|iPhone.ActiveCfg = Release|Any CPU
		{99DE1A9E-5FDD-4E01-85D9-87010D6889A4}.Release|iPhone.Build.0 = Release|Any CPU
		{99DE1A9E-5FDD-4E01-85D9-87010D6889A4}.Release|iPhoneSimulator.ActiveCfg = Release|Any CPU
		{99DE1A9E-5FDD-4E01-85D9-87010D6889A4}.Release|iPhoneSimulator.Build.0 = Release|Any CPU
		{99DE1A9E-5FDD-4E01-85D9-87010D6889A4}.Debug|iPhone.ActiveCfg = Debug|Any CPU
		{99DE1A9E-5FDD-4E01-85D9-87010D6889A4}.Debug|iPhone.Build.0 = Debug|Any CPU
	EndGlobalSection
EndGlobal
